
Microsoft Visual Studio Solution File, Format Version 12.00
# Visual Studio Version 17
VisualStudioVersion = 17.7.34018.315
MinimumVisualStudioVersion = 10.0.40219.1
Project("{FAE04EC0-301F-11D3-BF4B-00C04F79EFBC}") = "OutboxDemo.Messages", "OutboxDemo.Messages\OutboxDemo.Messages.csproj", "{6EC55086-025F-4B3A-980F-82492507CA1B}"
EndProject
Project("{FAE04EC0-301F-11D3-BF4B-00C04F79EFBC}") = "OutboxDemo.Outbox", "OutboxDemo.Outbox\OutboxDemo.Outbox.csproj", "{5C054BCE-5E29-430C-AD51-23912B97972B}"
EndProject
Project("{FAE04EC0-301F-11D3-BF4B-00C04F79EFBC}") = "OutboxDemoCardService", "OutboxDemoCardService\OutboxDemoCardService.csproj", "{7C9CFB8D-8F9A-4064-8986-5779FC2AC2EF}"
EndProject
Global
	GlobalSection(SolutionConfigurationPlatforms) = preSolution
		Debug|Any CPU = Debug|Any CPU
		Release|Any CPU = Release|Any CPU
	EndGlobalSection
	GlobalSection(ProjectConfigurationPlatforms) = postSolution
		{6EC55086-025F-4B3A-980F-82492507CA1B}.Debug|Any CPU.ActiveCfg = Debug|Any CPU
		{6EC55086-025F-4B3A-980F-82492507CA1B}.Debug|Any CPU.Build.0 = Debug|Any CPU
		{6EC55086-025F-4B3A-980F-82492507CA1B}.Release|Any CPU.ActiveCfg = Release|Any CPU
		{6EC55086-025F-4B3A-980F-82492507CA1B}.Release|Any CPU.Build.0 = Release|Any CPU
		{5C054BCE-5E29-430C-AD51-23912B97972B}.Debug|Any CPU.ActiveCfg = Debug|Any CPU
		{5C054BCE-5E29-430C-AD51-23912B97972B}.Debug|Any CPU.Build.0 = Debug|Any CPU
		{5C054BCE-5E29-430C-AD51-23912B97972B}.Release|Any CPU.ActiveCfg = Release|Any CPU
		{5C054BCE-5E29-430C-AD51-23912B97972B}.Release|Any CPU.Build.0 = Release|Any CPU
		{7C9CFB8D-8F9A-4064-8986-5779FC2AC2EF}.Debug|Any CPU.ActiveCfg = Debug|Any CPU
		{7C9CFB8D-8F9A-4064-8986-5779FC2AC2EF}.Debug|Any CPU.Build.0 = Debug|Any CPU
		{7C9CFB8D-8F9A-4064-8986-5779FC2AC2EF}.Release|Any CPU.ActiveCfg = Release|Any CPU
		{7C9CFB8D-8F9A-4064-8986-5779FC2AC2EF}.Release|Any CPU.Build.0 = Release|Any CPU
	EndGlobalSection
	GlobalSection(SolutionProperties) = preSolution
		HideSolutionNode = FALSE
	EndGlobalSection
	GlobalSection(ExtensibilityGlobals) = postSolution
		SolutionGuid = {8ACD997D-D2EC-4D22-A077-AECDAFCA2BAB}
	EndGlobalSection
EndGlobal
